<?xml version="1.0" encoding="utf-8"?>
<Project ToolsVersion="4.0" xmlns="http://schemas.microsoft.com/developer/msbuild/2003">
  <ItemGroup>
    <Filter Include="Source Files">
      <UniqueIdentifier>{4FC737F1-C7A5-4376-A066-2A32D752A2FF}</UniqueIdentifier>
      <Extensions>cpp;c;cc;cxx;c++;cppm;ixx;def;odl;idl;hpj;bat;asm;asmx</Extensions>
    </Filter>
    <Filter Include="Header Files">
      <UniqueIdentifier>{93995380-89BD-4b04-88EB-625FBE52EBFB}</UniqueIdentifier>
      <Extensions>h;hh;hpp;hxx;h++;hm;inl;inc;ipp;xsd</Extensions>
    </Filter>
    <Filter Include="Resource Files">
      <UniqueIdentifier>{67DA6AB6-F800-4c08-8B7A-83BB121AAD01}</UniqueIdentifier>
      <Extensions>rc;ico;cur;bmp;dlg;rc2;rct;bin;rgs;gif;jpg;jpeg;jpe;resx;tiff;tif;png;wav;mfcribbon-ms</Extensions>
    </Filter>
  </ItemGroup>
  <ItemGroup>
    <ClCompile Include="5x5 Tic Tac Toe.cpp">
      <Filter>Source Files</Filter>
    </ClCompile>
    <ClCompile Include="Diamond.cpp">
      <Filter>Source Files</Filter>
    </ClCompile>
    <ClCompile Include="FourInRow.cpp">
      <Filter>Source Files</Filter>
    </ClCompile>
    <ClCompile Include="Infinity_XO.cpp">
      <Filter>Source Files</Filter>
    </ClCompile>
    <ClCompile Include="Memory_XO.cpp">
      <Filter>Source Files</Filter>
    </ClCompile>
    <ClCompile Include="Misere_Board.cpp">
      <Filter>Source Files</Filter>
    </ClCompile>
    <ClCompile Include="NumericalTicTacToe.cpp">
      <Filter>Source Files</Filter>
    </ClCompile>
    <ClCompile Include="Obstacle.cpp">
      <Filter>Source Files</Filter>
    </ClCompile>
    <ClCompile Include="pyramid.cpp">
      <Filter>Source Files</Filter>
    </ClCompile>
    <ClCompile Include="SUS.cpp">
      <Filter>Source Files</Filter>
    </ClCompile>
    <ClCompile Include="SUS_AI.cpp">
      <Filter>Source Files</Filter>
    </ClCompile>
    <ClCompile Include="T4x4_Classes.cpp">
      <Filter>Source Files</Filter>
    </ClCompile>
    <ClCompile Include="Ultimate_TTT.cpp">
      <Filter>Source Files</Filter>
    </ClCompile>
    <ClCompile Include="Ultimate_TTT_AI.cpp">
      <Filter>Source Files</Filter>
    </ClCompile>
    <ClCompile Include="Word_Tic_Tac_Toe.cpp">
      <Filter>Source Files</Filter>
    </ClCompile>
    <ClCompile Include="XO_Classes.cpp">
      <Filter>Source Files</Filter>
    </ClCompile>
    <ClCompile Include="XO_Demo.cpp">
      <Filter>Source Files</Filter>
    </ClCompile>
  </ItemGroup>
  <ItemGroup>
    <ClInclude Include="5x5 Tic Tac Toe.h">
      <Filter>Header Files</Filter>
    </ClInclude>
    <ClInclude Include="BoardGame_Classes.h">
      <Filter>Header Files</Filter>
    </ClInclude>
    <ClInclude Include="Diamond.h">
      <Filter>Header Files</Filter>
    </ClInclude>
    <ClInclude Include="FourInRow.h">
      <Filter>Header Files</Filter>
    </ClInclude>
    <ClInclude Include="Infinity_XO.h">
      <Filter>Header Files</Filter>
    </ClInclude>
    <ClInclude Include="Memory_XO.h">
      <Filter>Header Files</Filter>
    </ClInclude>
    <ClInclude Include="Memory_XO_AI.h">
      <Filter>Header Files</Filter>
    </ClInclude>
    <ClInclude Include="Misere_Board.h">
      <Filter>Header Files</Filter>
    </ClInclude>
    <ClInclude Include="NumericalTicTacToe.h">
      <Filter>Header Files</Filter>
    </ClInclude>
    <ClInclude Include="Obstacle.h">
      <Filter>Header Files</Filter>
    </ClInclude>
    <ClInclude Include="pyramid.h">
      <Filter>Header Files</Filter>
    </ClInclude>
    <ClInclude Include="SUS.h">
      <Filter>Header Files</Filter>
    </ClInclude>
    <ClInclude Include="SUS_AI.h">
      <Filter>Header Files</Filter>
    </ClInclude>
    <ClInclude Include="T4x4_Classes.h">
      <Filter>Header Files</Filter>
    </ClInclude>
    <ClInclude Include="Ultimate_TTT.h">
      <Filter>Header Files</Filter>
    </ClInclude>
    <ClInclude Include="Ultimate_TTT_AI.h">
      <Filter>Header Files</Filter>
    </ClInclude>
    <ClInclude Include="Word_Tic_Tac_Toe.h">
      <Filter>Header Files</Filter>
    </ClInclude>
    <ClInclude Include="XO_Classes.h">
      <Filter>Header Files</Filter>
    </ClInclude>
  </ItemGroup>
  <ItemGroup>
    <Text Include="dic.txt">
      <Filter>Resource Files</Filter>
    </Text>
  </ItemGroup>
</Project>